
Microsoft Visual Studio Solution File, Format Version 12.00
# Visual Studio Version 17
VisualStudioVersion = 17.8.34330.188
MinimumVisualStudioVersion = 10.0.40219.1
Project("{FAE04EC0-301F-11D3-BF4B-00C04F79EFBC}") = "ConfigurationReader.Api", "ConfigurationReader.Api\ConfigurationReader.Api.csproj", "{82C474F5-77C8-4BD3-BCFD-37650EC8845B}"
EndProject
Project("{FAE04EC0-301F-11D3-BF4B-00C04F79EFBC}") = "ConfigurationReader", "ConfigurationReader.Services\ConfigurationReader.csproj", "{0979E7A0-5CCD-4653-822F-6E884343DC34}"
EndProject
Project("{FAE04EC0-301F-11D3-BF4B-00C04F79EFBC}") = "ConfigurationReader.WebApp", "ConfigurationReader.WebApp\ConfigurationReader.WebApp.csproj", "{4A3DCB69-24DB-40E5-B3C6-066A4BB66E5A}"
EndProject
Project("{E53339B2-1760-4266-BCC7-CA923CBCF16C}") = "docker-compose", "docker-compose.dcproj", "{126CC060-EBD1-4901-9B79-D93188B5B0F9}"
EndProject
Project("{FAE04EC0-301F-11D3-BF4B-00C04F79EFBC}") = "ConfigurationReader.Backgroud", "ConfigurationReader.Backgroud\ConfigurationReader.Backgroud.csproj", "{25414A9A-C8F3-4BBE-9614-FFE99CBD75E8}"
EndProject
Project("{FAE04EC0-301F-11D3-BF4B-00C04F79EFBC}") = "ConfigurationReader.Shared", "ConfigurationReader.Shareds\ConfigurationReader.Shared.csproj", "{1255DD7E-B762-453E-824D-C5EECD27E6A4}"
EndProject
Project("{FAE04EC0-301F-11D3-BF4B-00C04F79EFBC}") = "ConfigurationReader.ServiceA", "ConfigurationReader.ServiceA\ConfigurationReader.ServiceA.csproj", "{2B5B10B8-F9C8-4E46-BE88-39FDFDC5EB3F}"
EndProject
Project("{FAE04EC0-301F-11D3-BF4B-00C04F79EFBC}") = "ConfigurationReader.ServiceB", "ConfigurationReader.ServiceB\ConfigurationReader.ServiceB.csproj", "{367E6B99-9549-4A96-A570-8A493E539CDF}"
EndProject
Global
	GlobalSection(SolutionConfigurationPlatforms) = preSolution
		Debug|Any CPU = Debug|Any CPU
		Release|Any CPU = Release|Any CPU
	EndGlobalSection
	GlobalSection(ProjectConfigurationPlatforms) = postSolution
		{82C474F5-77C8-4BD3-BCFD-37650EC8845B}.Debug|Any CPU.ActiveCfg = Debug|Any CPU
		{82C474F5-77C8-4BD3-BCFD-37650EC8845B}.Debug|Any CPU.Build.0 = Debug|Any CPU
		{82C474F5-77C8-4BD3-BCFD-37650EC8845B}.Release|Any CPU.ActiveCfg = Release|Any CPU
		{82C474F5-77C8-4BD3-BCFD-37650EC8845B}.Release|Any CPU.Build.0 = Release|Any CPU
		{0979E7A0-5CCD-4653-822F-6E884343DC34}.Debug|Any CPU.ActiveCfg = Debug|Any CPU
		{0979E7A0-5CCD-4653-822F-6E884343DC34}.Debug|Any CPU.Build.0 = Debug|Any CPU
		{0979E7A0-5CCD-4653-822F-6E884343DC34}.Release|Any CPU.ActiveCfg = Release|Any CPU
		{0979E7A0-5CCD-4653-822F-6E884343DC34}.Release|Any CPU.Build.0 = Release|Any CPU
		{4A3DCB69-24DB-40E5-B3C6-066A4BB66E5A}.Debug|Any CPU.ActiveCfg = Debug|Any CPU
		{4A3DCB69-24DB-40E5-B3C6-066A4BB66E5A}.Debug|Any CPU.Build.0 = Debug|Any CPU
		{4A3DCB69-24DB-40E5-B3C6-066A4BB66E5A}.Release|Any CPU.ActiveCfg = Release|Any CPU
		{4A3DCB69-24DB-40E5-B3C6-066A4BB66E5A}.Release|Any CPU.Build.0 = Release|Any CPU
		{126CC060-EBD1-4901-9B79-D93188B5B0F9}.Debug|Any CPU.ActiveCfg = Debug|Any CPU
		{126CC060-EBD1-4901-9B79-D93188B5B0F9}.Debug|Any CPU.Build.0 = Debug|Any CPU
		{126CC060-EBD1-4901-9B79-D93188B5B0F9}.Release|Any CPU.ActiveCfg = Release|Any CPU
		{126CC060-EBD1-4901-9B79-D93188B5B0F9}.Release|Any CPU.Build.0 = Release|Any CPU
		{25414A9A-C8F3-4BBE-9614-FFE99CBD75E8}.Debug|Any CPU.ActiveCfg = Debug|Any CPU
		{25414A9A-C8F3-4BBE-9614-FFE99CBD75E8}.Debug|Any CPU.Build.0 = Debug|Any CPU
		{25414A9A-C8F3-4BBE-9614-FFE99CBD75E8}.Release|Any CPU.ActiveCfg = Release|Any CPU
		{25414A9A-C8F3-4BBE-9614-FFE99CBD75E8}.Release|Any CPU.Build.0 = Release|Any CPU
		{1255DD7E-B762-453E-824D-C5EECD27E6A4}.Debug|Any CPU.ActiveCfg = Debug|Any CPU
		{1255DD7E-B762-453E-824D-C5EECD27E6A4}.Debug|Any CPU.Build.0 = Debug|Any CPU
		{1255DD7E-B762-453E-824D-C5EECD27E6A4}.Release|Any CPU.ActiveCfg = Release|Any CPU
		{1255DD7E-B762-453E-824D-C5EECD27E6A4}.Release|Any CPU.Build.0 = Release|Any CPU
		{2B5B10B8-F9C8-4E46-BE88-39FDFDC5EB3F}.Debug|Any CPU.ActiveCfg = Debug|Any CPU
		{2B5B10B8-F9C8-4E46-BE88-39FDFDC5EB3F}.Debug|Any CPU.Build.0 = Debug|Any CPU
		{2B5B10B8-F9C8-4E46-BE88-39FDFDC5EB3F}.Release|Any CPU.ActiveCfg = Release|Any CPU
		{2B5B10B8-F9C8-4E46-BE88-39FDFDC5EB3F}.Release|Any CPU.Build.0 = Release|Any CPU
		{367E6B99-9549-4A96-A570-8A493E539CDF}.Debug|Any CPU.ActiveCfg = Debug|Any CPU
		{367E6B99-9549-4A96-A570-8A493E539CDF}.Debug|Any CPU.Build.0 = Debug|Any CPU
		{367E6B99-9549-4A96-A570-8A493E539CDF}.Release|Any CPU.ActiveCfg = Release|Any CPU
		{367E6B99-9549-4A96-A570-8A493E539CDF}.Release|Any CPU.Build.0 = Release|Any CPU
	EndGlobalSection
	GlobalSection(SolutionProperties) = preSolution
		HideSolutionNode = FALSE
	EndGlobalSection
	GlobalSection(ExtensibilityGlobals) = postSolution
		SolutionGuid = {8F88FEAC-B5A8-4DD3-B9B7-94FFB61CA9D9}
	EndGlobalSection
EndGlobal
